// !$*UTF8*$!
{
	archiveVersion = 1;
	classes = {
	};
	objectVersion = 77;
	objects = {

/* Begin PBXBuildFile section */
		E331993D2F59F33B00946DB5 /* libgtest.a in Frameworks */ = {isa = PBXBuildFile; fileRef = E331993C2F59F33B00946DB5 /* libgtest.a */; };
		E331993F2F59F36000946DB5 /* libgtest_main.a in Frameworks */ = {isa = PBXBuildFile; fileRef = E331993E2F59F36000946DB5 /* libgtest_main.a */; };
		E33199402F59F3D900946DB5 /* libALib.a in Frameworks */ = {isa = PBXBuildFile; fileRef = E3C682562F4F50FD00D17AA8 /* libALib.a */; };
		E37BBD042F4F684200A73A75 /* libALib.a in Frameworks */ = {isa = PBXBuildFile; fileRef = E3C682562F4F50FD00D17AA8 /* libALib.a */; };
		E3849AF22F5B23F900772634 /* libALib.a in Frameworks */ = {isa = PBXBuildFile; fileRef = E3C682562F4F50FD00D17AA8 /* libALib.a */; };
		E3849AF32F5B245E00772634 /* libgtest_main.a in Frameworks */ = {isa = PBXBuildFile; fileRef = E331993E2F59F36000946DB5 /* libgtest_main.a */; };
		E3849AF42F5B249800772634 /* libgtest.a in Frameworks */ = {isa = PBXBuildFile; fileRef = E331993C2F59F33B00946DB5 /* libgtest.a */; };
		E3849AF82F5B403400772634 /* libgtest.a in Frameworks */ = {isa = PBXBuildFile; fileRef = E331993C2F59F33B00946DB5 /* libgtest.a */; };
		E3849AF92F5B403400772634 /* libgtest_main.a in Frameworks */ = {isa = PBXBuildFile; fileRef = E331993E2F59F36000946DB5 /* libgtest_main.a */; };
		E3849AFA2F5B403400772634 /* libALib.a in Frameworks */ = {isa = PBXBuildFile; fileRef = E3C682562F4F50FD00D17AA8 /* libALib.a */; };
/* End PBXBuildFile section */

/* Begin PBXCopyFilesBuildPhase section */
		E33199332F59F10A00946DB5 /* CopyFiles */ = {
			isa = PBXCopyFilesBuildPhase;
			buildActionMask = 2147483647;
			dstPath = /usr/share/man/man1/;
			dstSubfolderSpec = 0;
			files = (
			);
			runOnlyForDeploymentPostprocessing = 1;
		};
		E37BBCFB2F4F679F00A73A75 /* CopyFiles */ = {
			isa = PBXCopyFilesBuildPhase;
			buildActionMask = 2147483647;
			dstPath = /usr/share/man/man1/;
			dstSubfolderSpec = 0;
			files = (
			);
			runOnlyForDeploymentPostprocessing = 1;
		};
		E3849AE92F5B233A00772634 /* CopyFiles */ = {
			isa = PBXCopyFilesBuildPhase;
			buildActionMask = 2147483647;
			dstPath = /usr/share/man/man1/;
			dstSubfolderSpec = 0;
			files = (
			);
			runOnlyForDeploymentPostprocessing = 1;
		};
		E3849AFB2F5B403400772634 /* CopyFiles */ = {
			isa = PBXCopyFilesBuildPhase;
			buildActionMask = 2147483647;
			dstPath = /usr/share/man/man1/;
			dstSubfolderSpec = 0;
			files = (
			);
			runOnlyForDeploymentPostprocessing = 1;
		};
/* End PBXCopyFilesBuildPhase section */

/* Begin PBXFileReference section */
		E33199352F59F10A00946DB5 /* Tests */ = {isa = PBXFileReference; explicitFileType = "compiled.mach-o.executable"; includeInIndex = 0; path = Tests; sourceTree = BUILT_PRODUCTS_DIR; };
		E331993C2F59F33B00946DB5 /* libgtest.a */ = {isa = PBXFileReference; lastKnownFileType = archive.ar; name = libgtest.a; path = ../../../../../../opt/homebrew/Cellar/googletest/1.17.0/lib/libgtest.a; sourceTree = "<group>"; };
		E331993E2F59F36000946DB5 /* libgtest_main.a */ = {isa = PBXFileReference; lastKnownFileType = archive.ar; name = libgtest_main.a; path = ../../../../../../opt/homebrew/Cellar/googletest/1.17.0/lib/libgtest_main.a; sourceTree = "<group>"; };
		E37BBCFD2F4F679F00A73A75 /* Prova */ = {isa = PBXFileReference; explicitFileType = "compiled.mach-o.executable"; includeInIndex = 0; path = Prova; sourceTree = BUILT_PRODUCTS_DIR; };
		E3849AEB2F5B233A00772634 /* MultipleTests */ = {isa = PBXFileReference; explicitFileType = "compiled.mach-o.executable"; includeInIndex = 0; path = MultipleTests; sourceTree = BUILT_PRODUCTS_DIR; };
		E3849AFF2F5B403400772634 /* VisualStressTest */ = {isa = PBXFileReference; explicitFileType = "compiled.mach-o.executable"; includeInIndex = 0; path = VisualStressTest; sourceTree = BUILT_PRODUCTS_DIR; };
		E3C682562F4F50FD00D17AA8 /* libALib.a */ = {isa = PBXFileReference; explicitFileType = archive.ar; includeInIndex = 0; path = libALib.a; sourceTree = BUILT_PRODUCTS_DIR; };
/* End PBXFileReference section */

/* Begin PBXFileSystemSynchronizedBuildFileExceptionSet section */
		E3849B002F5B403400772634 /* Exceptions for "MultipleTests" folder in "VisualStressTest" target */ = {
			isa = PBXFileSystemSynchronizedBuildFileExceptionSet;
			membershipExceptions = (
				main.cpp,
			);
			target = E3849AF52F5B403400772634 /* VisualStressTest */;
		};
		E3849B062F5B40B100772634 /* Exceptions for "VisualStressTest" folder in "MultipleTests" target */ = {
			isa = PBXFileSystemSynchronizedBuildFileExceptionSet;
			membershipExceptions = (
				main.cpp,
			);
			target = E3849AEA2F5B233A00772634 /* MultipleTests */;
		};
		E3BEFDD72F51FA8900656871 /* Exceptions for "ALib" folder in "Prova" target */ = {
			isa = PBXFileSystemSynchronizedBuildFileExceptionSet;
			membershipExceptions = (
				AErrors.cpp,
			);
			target = E37BBCFC2F4F679F00A73A75 /* Prova */;
		};
/* End PBXFileSystemSynchronizedBuildFileExceptionSet section */

/* Begin PBXFileSystemSynchronizedRootGroup section */
		E33199362F59F10B00946DB5 /* Tests */ = {
			isa = PBXFileSystemSynchronizedRootGroup;
			path = Tests;
			sourceTree = "<group>";
		};
		E37BBCFE2F4F679F00A73A75 /* Prova */ = {
			isa = PBXFileSystemSynchronizedRootGroup;
			path = Prova;
			sourceTree = "<group>";
		};
		E3849AEC2F5B233A00772634 /* MultipleTests */ = {
			isa = PBXFileSystemSynchronizedRootGroup;
			exceptions = (
				E3849B002F5B403400772634 /* Exceptions for "MultipleTests" folder in "VisualStressTest" target */,
			);
			path = MultipleTests;
			sourceTree = "<group>";
		};
		E3849B052F5B409100772634 /* VisualStressTest */ = {
			isa = PBXFileSystemSynchronizedRootGroup;
			exceptions = (
				E3849B062F5B40B100772634 /* Exceptions for "VisualStressTest" folder in "MultipleTests" target */,
			);
			path = VisualStressTest;
			sourceTree = "<group>";
		};
		E3C682582F4F50FD00D17AA8 /* ALib */ = {
			isa = PBXFileSystemSynchronizedRootGroup;
			exceptions = (
				E3BEFDD72F51FA8900656871 /* Exceptions for "ALib" folder in "Prova" target */,
			);
			path = ALib;
			sourceTree = "<group>";
		};
/* End PBXFileSystemSynchronizedRootGroup section */

/* Begin PBXFrameworksBuildPhase section */
		E33199322F59F10A00946DB5 /* Frameworks */ = {
			isa = PBXFrameworksBuildPhase;
			buildActionMask = 2147483647;
			files = (
				E33199402F59F3D900946DB5 /* libALib.a in Frameworks */,
				E331993F2F59F36000946DB5 /* libgtest_main.a in Frameworks */,
				E331993D2F59F33B00946DB5 /* libgtest.a in Frameworks */,
			);
			runOnlyForDeploymentPostprocessing = 0;
		};
		E37BBCFA2F4F679F00A73A75 /* Frameworks */ = {
			isa = PBXFrameworksBuildPhase;
			buildActionMask = 2147483647;
			files = (
				E37BBD042F4F684200A73A75 /* libALib.a in Frameworks */,
			);
			runOnlyForDeploymentPostprocessing = 0;
		};
		E3849AE82F5B233A00772634 /* Frameworks */ = {
			isa = PBXFrameworksBuildPhase;
			buildActionMask = 2147483647;
			files = (
				E3849AF42F5B249800772634 /* libgtest.a in Frameworks */,
				E3849AF32F5B245E00772634 /* libgtest_main.a in Frameworks */,
				E3849AF22F5B23F900772634 /* libALib.a in Frameworks */,
			);
			runOnlyForDeploymentPostprocessing = 0;
		};
		E3849AF72F5B403400772634 /* Frameworks */ = {
			isa = PBXFrameworksBuildPhase;
			buildActionMask = 2147483647;
			files = (
				E3849AF82F5B403400772634 /* libgtest.a in Frameworks */,
				E3849AF92F5B403400772634 /* libgtest_main.a in Frameworks */,
				E3849AFA2F5B403400772634 /* libALib.a in Frameworks */,
			);
			runOnlyForDeploymentPostprocessing = 0;
		};
		E3C682542F4F50FD00D17AA8 /* Frameworks */ = {
			isa = PBXFrameworksBuildPhase;
			buildActionMask = 2147483647;
			files = (
			);
			runOnlyForDeploymentPostprocessing = 0;
		};
/* End PBXFrameworksBuildPhase section */

/* Begin PBXGroup section */
		E37BBCF12F4F65AE00A73A75 /* Frameworks */ = {
			isa = PBXGroup;
			children = (
				E331993E2F59F36000946DB5 /* libgtest_main.a */,
				E331993C2F59F33B00946DB5 /* libgtest.a */,
			);
			name = Frameworks;
			sourceTree = "<group>";
		};
		E3C6824D2F4F50FD00D17AA8 = {
			isa = PBXGroup;
			children = (
				E3C682582F4F50FD00D17AA8 /* ALib */,
				E3849AEC2F5B233A00772634 /* MultipleTests */,
				E3C682572F4F50FD00D17AA8 /* Products */,
				E37BBCFE2F4F679F00A73A75 /* Prova */,
				E33199362F59F10B00946DB5 /* Tests */,
				E3849B052F5B409100772634 /* VisualStressTest */,
				E37BBCF12F4F65AE00A73A75 /* Frameworks */,
			);
			sourceTree = "<group>";
		};
		E3C682572F4F50FD00D17AA8 /* Products */ = {
			isa = PBXGroup;
			children = (
				E3C682562F4F50FD00D17AA8 /* libALib.a */,
				E37BBCFD2F4F679F00A73A75 /* Prova */,
				E33199352F59F10A00946DB5 /* Tests */,
				E3849AEB2F5B233A00772634 /* MultipleTests */,
				E3849AFF2F5B403400772634 /* VisualStressTest */,
			);
			name = Products;
			sourceTree = "<group>";
		};
/* End PBXGroup section */

/* Begin PBXHeadersBuildPhase section */
		E3C682522F4F50FD00D17AA8 /* Headers */ = {
			isa = PBXHeadersBuildPhase;
			buildActionMask = 2147483647;
			files = (
			);
			runOnlyForDeploymentPostprocessing = 0;
		};
/* End PBXHeadersBuildPhase section */

/* Begin PBXNativeTarget section */
		E33199342F59F10A00946DB5 /* Tests */ = {
			isa = PBXNativeTarget;
			buildConfigurationList = E33199392F59F10B00946DB5 /* Build configuration list for PBXNativeTarget "Tests" */;
			buildPhases = (
				E33199312F59F10A00946DB5 /* Sources */,
				E33199322F59F10A00946DB5 /* Frameworks */,
				E33199332F59F10A00946DB5 /* CopyFiles */,
			);
			buildRules = (
			);
			dependencies = (
			);
			fileSystemSynchronizedGroups = (
				E33199362F59F10B00946DB5 /* Tests */,
			);
			name = Tests;
			packageProductDependencies = (
			);
			productName = Tests;
			productReference = E33199352F59F10A00946DB5 /* Tests */;
			productType = "com.apple.product-type.tool";
		};
		E37BBCFC2F4F679F00A73A75 /* Prova */ = {
			isa = PBXNativeTarget;
			buildConfigurationList = E37BBD012F4F679F00A73A75 /* Build configuration list for PBXNativeTarget "Prova" */;
			buildPhases = (
				E37BBCF92F4F679F00A73A75 /* Sources */,
				E37BBCFA2F4F679F00A73A75 /* Frameworks */,
				E37BBCFB2F4F679F00A73A75 /* CopyFiles */,
			);
			buildRules = (
			);
			dependencies = (
			);
			fileSystemSynchronizedGroups = (
				E37BBCFE2F4F679F00A73A75 /* Prova */,
			);
			name = Prova;
			packageProductDependencies = (
			);
			productName = test;
			productReference = E37BBCFD2F4F679F00A73A75 /* Prova */;
			productType = "com.apple.product-type.tool";
		};
		E3849AEA2F5B233A00772634 /* MultipleTests */ = {
			isa = PBXNativeTarget;
			buildConfigurationList = E3849AEF2F5B233A00772634 /* Build configuration list for PBXNativeTarget "MultipleTests" */;
			buildPhases = (
				E3849AE72F5B233A00772634 /* Sources */,
				E3849AE82F5B233A00772634 /* Frameworks */,
				E3849AE92F5B233A00772634 /* CopyFiles */,
			);
			buildRules = (
			);
			dependencies = (
			);
			fileSystemSynchronizedGroups = (
				E3849AEC2F5B233A00772634 /* MultipleTests */,
				E3849B052F5B409100772634 /* VisualStressTest */,
			);
			name = MultipleTests;
			packageProductDependencies = (
			);
			productName = MultipleTests;
			productReference = E3849AEB2F5B233A00772634 /* MultipleTests */;
			productType = "com.apple.product-type.tool";
		};
		E3849AF52F5B403400772634 /* VisualStressTest */ = {
			isa = PBXNativeTarget;
			buildConfigurationList = E3849AFC2F5B403400772634 /* Build configuration list for PBXNativeTarget "VisualStressTest" */;
			buildPhases = (
				E3849AF62F5B403400772634 /* Sources */,
				E3849AF72F5B403400772634 /* Frameworks */,
				E3849AFB2F5B403400772634 /* CopyFiles */,
			);
			buildRules = (
			);
			dependencies = (
			);
			fileSystemSynchronizedGroups = (
				E3849AEC2F5B233A00772634 /* MultipleTests */,
				E3849B052F5B409100772634 /* VisualStressTest */,
			);
			name = VisualStressTest;
			packageProductDependencies = (
			);
			productName = MultipleTests;
			productReference = E3849AFF2F5B403400772634 /* VisualStressTest */;
			productType = "com.apple.product-type.tool";
		};
		E3C682552F4F50FD00D17AA8 /* ALib */ = {
			isa = PBXNativeTarget;
			buildConfigurationList = E3C682612F4F50FD00D17AA8 /* Build configuration list for PBXNativeTarget "ALib" */;
			buildPhases = (
				E3C682522F4F50FD00D17AA8 /* Headers */,
				E3C682532F4F50FD00D17AA8 /* Sources */,
				E3C682542F4F50FD00D17AA8 /* Frameworks */,
			);
			buildRules = (
			);
			dependencies = (
			);
			fileSystemSynchronizedGroups = (
				E3C682582F4F50FD00D17AA8 /* ALib */,
			);
			name = ALib;
			packageProductDependencies = (
			);
			productName = ALib;
			productReference = E3C682562F4F50FD00D17AA8 /* libALib.a */;
			productType = "com.apple.product-type.library.static";
		};
/* End PBXNativeTarget section */

/* Begin PBXProject section */
		E3C6824E2F4F50FD00D17AA8 /* Project object */ = {
			isa = PBXProject;
			attributes = {
				BuildIndependentTargetsInParallel = 1;
				LastUpgradeCheck = 2630;
				TargetAttributes = {
					E33199342F59F10A00946DB5 = {
						CreatedOnToolsVersion = 26.3;
					};
					E37BBCFC2F4F679F00A73A75 = {
						CreatedOnToolsVersion = 26.2;
					};
					E3849AEA2F5B233A00772634 = {
						CreatedOnToolsVersion = 26.3;
					};
					E3C682552F4F50FD00D17AA8 = {
						CreatedOnToolsVersion = 26.2;
					};
				};
			};
			buildConfigurationList = E3C682512F4F50FD00D17AA8 /* Build configuration list for PBXProject "ALib" */;
			developmentRegion = en;
			hasScannedForEncodings = 0;
			knownRegions = (
				en,
				Base,
			);
			mainGroup = E3C6824D2F4F50FD00D17AA8;
			minimizedProjectReferenceProxies = 1;
			preferredProjectObjectVersion = 77;
			productRefGroup = E3C682572F4F50FD00D17AA8 /* Products */;
			projectDirPath = "";
			projectRoot = "";
			targets = (
				E3C682552F4F50FD00D17AA8 /* ALib */,
				E37BBCFC2F4F679F00A73A75 /* Prova */,
				E33199342F59F10A00946DB5 /* Tests */,
				E3849AEA2F5B233A00772634 /* MultipleTests */,
				E3849AF52F5B403400772634 /* VisualStressTest */,
			);
		};
/* End PBXProject section */

/* Begin PBXSourcesBuildPhase section */
		E33199312F59F10A00946DB5 /* Sources */ = {
			isa = PBXSourcesBuildPhase;
			buildActionMask = 2147483647;
			files = (
			);
			runOnlyForDeploymentPostprocessing = 0;
		};
		E37BBCF92F4F679F00A73A75 /* Sources */ = {
			isa = PBXSourcesBuildPhase;
			buildActionMask = 2147483647;
			files = (
			);
			runOnlyForDeploymentPostprocessing = 0;
		};
		E3849AE72F5B233A00772634 /* Sources */ = {
			isa = PBXSourcesBuildPhase;
			buildActionMask = 2147483647;
			files = (
			);
			runOnlyForDeploymentPostprocessing = 0;
		};
		E3849AF62F5B403400772634 /* Sources */ = {
			isa = PBXSourcesBuildPhase;
			buildActionMask = 2147483647;
			files = (
			);
			runOnlyForDeploymentPostprocessing = 0;
		};
		E3C682532F4F50FD00D17AA8 /* Sources */ = {
			isa = PBXSourcesBuildPhase;
			buildActionMask = 2147483647;
			files = (
			);
			runOnlyForDeploymentPostprocessing = 0;
		};
/* End PBXSourcesBuildPhase section */

/* Begin XCBuildConfiguration section */
		E331993A2F59F10B00946DB5 /* Debug */ = {
			isa = XCBuildConfiguration;
			buildSettings = {
				CODE_SIGN_STYLE = Automatic;
				DEVELOPMENT_TEAM = YL782TY646;
				ENABLE_HARDENED_RUNTIME = YES;
				GCC_C_LANGUAGE_STANDARD = gnu17;
				HEADER_SEARCH_PATHS = /opt/homebrew/include/;
				LIBRARY_SEARCH_PATHS = (
					/opt/homebrew/lib,
					/opt/homebrew/Cellar/googletest/1.17.0/lib,
				);
				PRODUCT_NAME = "$(TARGET_NAME)";
			};
			name = Debug;
		};
		E331993B2F59F10B00946DB5 /* Release */ = {
			isa = XCBuildConfiguration;
			buildSettings = {
				CODE_SIGN_STYLE = Automatic;
				DEVELOPMENT_TEAM = YL782TY646;
				ENABLE_HARDENED_RUNTIME = YES;
				GCC_C_LANGUAGE_STANDARD = gnu17;
				HEADER_SEARCH_PATHS = /opt/homebrew/include/;
				LIBRARY_SEARCH_PATHS = (
					/opt/homebrew/lib,
					/opt/homebrew/Cellar/googletest/1.17.0/lib,
				);
				PRODUCT_NAME = "$(TARGET_NAME)";
			};
			name = Release;
		};
		E37BBD022F4F679F00A73A75 /* Debug */ = {
			isa = XCBuildConfiguration;
			buildSettings = {
				CODE_SIGN_STYLE = Automatic;
				DEAD_CODE_STRIPPING = YES;
				DEVELOPMENT_TEAM = YL782TY646;
				ENABLE_HARDENED_RUNTIME = YES;
				PRODUCT_NAME = "$(TARGET_NAME)";
			};
			name = Debug;
		};
		E37BBD032F4F679F00A73A75 /* Release */ = {
			isa = XCBuildConfiguration;
			buildSettings = {
				CODE_SIGN_STYLE = Automatic;
				DEAD_CODE_STRIPPING = YES;
				DEVELOPMENT_TEAM = YL782TY646;
				ENABLE_HARDENED_RUNTIME = YES;
				PRODUCT_NAME = "$(TARGET_NAME)";
			};
			name = Release;
		};
		E3849AF02F5B233A00772634 /* Debug */ = {
			isa = XCBuildConfiguration;
			buildSettings = {
				CODE_SIGN_STYLE = Automatic;
				DEVELOPMENT_TEAM = YL782TY646;
				ENABLE_HARDENED_RUNTIME = YES;
				GCC_C_LANGUAGE_STANDARD = gnu17;
				GCC_OPTIMIZATION_LEVEL = 3;
				HEADER_SEARCH_PATHS = /opt/homebrew/include;
				LIBRARY_SEARCH_PATHS = (
					"$(inherited)",
					/opt/homebrew/Cellar/googletest/1.17.0/lib,
				);
				PRODUCT_NAME = "$(TARGET_NAME)";
			};
			name = Debug;
		};
		E3849AF12F5B233A00772634 /* Release */ = {
			isa = XCBuildConfiguration;
			buildSettings = {
				CODE_SIGN_STYLE = Automatic;
				DEVELOPMENT_TEAM = YL782TY646;
				ENABLE_HARDENED_RUNTIME = YES;
				GCC_C_LANGUAGE_STANDARD = gnu17;
				GCC_OPTIMIZATION_LEVEL = 3;
				HEADER_SEARCH_PATHS = /opt/homebrew/include;
				LIBRARY_SEARCH_PATHS = (
					"$(inherited)",
					/opt/homebrew/Cellar/googletest/1.17.0/lib,
				);
				PRODUCT_NAME = "$(TARGET_NAME)";
			};
			name = Release;
		};
		E3849AFD2F5B403400772634 /* Debug */ = {
			isa = XCBuildConfiguration;
			buildSettings = {
				CODE_SIGN_STYLE = Automatic;
				DEVELOPMENT_TEAM = YL782TY646;
				ENABLE_HARDENED_RUNTIME = YES;
				GCC_C_LANGUAGE_STANDARD = gnu17;
				GCC_OPTIMIZATION_LEVEL = 0;
				HEADER_SEARCH_PATHS = /opt/homebrew/include;
				LIBRARY_SEARCH_PATHS = (
					"$(inherited)",
					/opt/homebrew/Cellar/googletest/1.17.0/lib,
				);
				PRODUCT_NAME = "$(TARGET_NAME)";
			};
			name = Debug;
		};
		E3849AFE2F5B403400772634 /* Release */ = {
			isa = XCBuildConfiguration;
			buildSettings = {
				CODE_SIGN_STYLE = Automatic;
				DEVELOPMENT_TEAM = YL782TY646;
				ENABLE_HARDENED_RUNTIME = YES;
				GCC_C_LANGUAGE_STANDARD = gnu17;
				GCC_OPTIMIZATION_LEVEL = 0;
				HEADER_SEARCH_PATHS = /opt/homebrew/include;
				LIBRARY_SEARCH_PATHS = (
					"$(inherited)",
					/opt/homebrew/Cellar/googletest/1.17.0/lib,
				);
				PRODUCT_NAME = "$(TARGET_NAME)";
			};
			name = Release;
		};
		E3C6825F2F4F50FD00D17AA8 /* Debug */ = {
			isa = XCBuildConfiguration;
			buildSettings = {
				ALWAYS_SEARCH_USER_PATHS = NO;
				ASSETCATALOG_COMPILER_GENERATE_SWIFT_ASSET_SYMBOL_EXTENSIONS = YES;
				CLANG_ANALYZER_NONNULL = YES;
				CLANG_ANALYZER_NUMBER_OBJECT_CONVERSION = YES_AGGRESSIVE;
				CLANG_CXX_LANGUAGE_STANDARD = "gnu++20";
				CLANG_ENABLE_MODULES = YES;
				CLANG_ENABLE_OBJC_ARC = YES;
				CLANG_ENABLE_OBJC_WEAK = YES;
				CLANG_WARN_BLOCK_CAPTURE_AUTORELEASING = YES;
				CLANG_WARN_BOOL_CONVERSION = YES;
				CLANG_WARN_COMMA = YES;
				CLANG_WARN_CONSTANT_CONVERSION = YES;
				CLANG_WARN_DEPRECATED_OBJC_IMPLEMENTATIONS = YES;
				CLANG_WARN_DIRECT_OBJC_ISA_USAGE = YES_ERROR;
				CLANG_WARN_DOCUMENTATION_COMMENTS = YES;
				CLANG_WARN_EMPTY_BODY = YES;
				CLANG_WARN_ENUM_CONVERSION = YES;
				CLANG_WARN_INFINITE_RECURSION = YES;
				CLANG_WARN_INT_CONVERSION = YES;
				CLANG_WARN_NON_LITERAL_NULL_CONVERSION = YES;
				CLANG_WARN_OBJC_IMPLICIT_RETAIN_SELF = YES;
				CLANG_WARN_OBJC_LITERAL_CONVERSION = YES;
				CLANG_WARN_OBJC_ROOT_CLASS = YES_ERROR;
				CLANG_WARN_QUOTED_INCLUDE_IN_FRAMEWORK_HEADER = YES;
				CLANG_WARN_RANGE_LOOP_ANALYSIS = YES;
				CLANG_WARN_STRICT_PROTOTYPES = YES;
				CLANG_WARN_SUSPICIOUS_MOVE = YES;
				CLANG_WARN_UNGUARDED_AVAILABILITY = YES_AGGRESSIVE;
				CLANG_WARN_UNREACHABLE_CODE = YES;
				CLANG_WARN__DUPLICATE_METHOD_MATCH = YES;
				COPY_PHASE_STRIP = NO;
				DEAD_CODE_STRIPPING = YES;
				DEBUG_INFORMATION_FORMAT = dwarf;
				DEVELOPMENT_TEAM = YL782TY646;
				ENABLE_STRICT_OBJC_MSGSEND = YES;
				ENABLE_TESTABILITY = YES;
				ENABLE_USER_SCRIPT_SANDBOXING = YES;
				GCC_C_LANGUAGE_STANDARD = c17;
				GCC_DYNAMIC_NO_PIC = NO;
				GCC_NO_COMMON_BLOCKS = YES;
				GCC_OPTIMIZATION_LEVEL = 0;
				GCC_PREPROCESSOR_DEFINITIONS = (
					"DEBUG=1",
					"$(inherited)",
				);
				GCC_WARN_64_TO_32_BIT_CONVERSION = YES;
				GCC_WARN_ABOUT_RETURN_TYPE = YES_ERROR;
				GCC_WARN_UNDECLARED_SELECTOR = YES;
				GCC_WARN_UNINITIALIZED_AUTOS = YES_AGGRESSIVE;
				GCC_WARN_UNUSED_FUNCTION = YES;
				GCC_WARN_UNUSED_VARIABLE = YES;
				LOCALIZATION_PREFERS_STRING_CATALOGS = YES;
				MACOSX_DEPLOYMENT_TARGET = 26.2;
				MTL_ENABLE_DEBUG_INFO = INCLUDE_SOURCE;
				MTL_FAST_MATH = YES;
				ONLY_ACTIVE_ARCH = YES;
				SDKROOT = macosx;
				STRING_CATALOG_GENERATE_SYMBOLS = YES;
			};
			name = Debug;
		};
		E3C682602F4F50FD00D17AA8 /* Release */ = {
			isa = XCBuildConfiguration;
			buildSettings = {
				ALWAYS_SEARCH_USER_PATHS = NO;
				ASSETCATALOG_COMPILER_GENERATE_SWIFT_ASSET_SYMBOL_EXTENSIONS = YES;
				CLANG_ANALYZER_NONNULL = YES;
				CLANG_ANALYZER_NUMBER_OBJECT_CONVERSION = YES_AGGRESSIVE;
				CLANG_CXX_LANGUAGE_STANDARD = "gnu++20";
				CLANG_ENABLE_MODULES = YES;
				CLANG_ENABLE_OBJC_ARC = YES;
				CLANG_ENABLE_OBJC_WEAK = YES;
				CLANG_WARN_BLOCK_CAPTURE_AUTORELEASING = YES;
				CLANG_WARN_BOOL_CONVERSION = YES;
				CLANG_WARN_COMMA = YES;
				CLANG_WARN_CONSTANT_CONVERSION = YES;
				CLANG_WARN_DEPRECATED_OBJC_IMPLEMENTATIONS = YES;
				CLANG_WARN_DIRECT_OBJC_ISA_USAGE = YES_ERROR;
				CLANG_WARN_DOCUMENTATION_COMMENTS = YES;
				CLANG_WARN_EMPTY_BODY = YES;
				CLANG_WARN_ENUM_CONVERSION = YES;
				CLANG_WARN_INFINITE_RECURSION = YES;
				CLANG_WARN_INT_CONVERSION = YES;
				CLANG_WARN_NON_LITERAL_NULL_CONVERSION = YES;
				CLANG_WARN_OBJC_IMPLICIT_RETAIN_SELF = YES;
				CLANG_WARN_OBJC_LITERAL_CONVERSION = YES;
				CLANG_WARN_OBJC_ROOT_CLASS = YES_ERROR;
				CLANG_WARN_QUOTED_INCLUDE_IN_FRAMEWORK_HEADER = YES;
				CLANG_WARN_RANGE_LOOP_ANALYSIS = YES;
				CLANG_WARN_STRICT_PROTOTYPES = YES;
				CLANG_WARN_SUSPICIOUS_MOVE = YES;
				CLANG_WARN_UNGUARDED_AVAILABILITY = YES_AGGRESSIVE;
				CLANG_WARN_UNREACHABLE_CODE = YES;
				CLANG_WARN__DUPLICATE_METHOD_MATCH = YES;
				COPY_PHASE_STRIP = NO;
				DEAD_CODE_STRIPPING = YES;
				DEBUG_INFORMATION_FORMAT = "dwarf-with-dsym";
				DEVELOPMENT_TEAM = YL782TY646;
				ENABLE_NS_ASSERTIONS = NO;
				ENABLE_STRICT_OBJC_MSGSEND = YES;
				ENABLE_USER_SCRIPT_SANDBOXING = YES;
				GCC_C_LANGUAGE_STANDARD = c17;
				GCC_NO_COMMON_BLOCKS = YES;
				GCC_OPTIMIZATION_LEVEL = 0;
				GCC_WARN_64_TO_32_BIT_CONVERSION = YES;
				GCC_WARN_ABOUT_RETURN_TYPE = YES_ERROR;
				GCC_WARN_UNDECLARED_SELECTOR = YES;
				GCC_WARN_UNINITIALIZED_AUTOS = YES_AGGRESSIVE;
				GCC_WARN_UNUSED_FUNCTION = YES;
				GCC_WARN_UNUSED_VARIABLE = YES;
				LOCALIZATION_PREFERS_STRING_CATALOGS = YES;
				MACOSX_DEPLOYMENT_TARGET = 26.2;
				MTL_ENABLE_DEBUG_INFO = NO;
				MTL_FAST_MATH = YES;
				SDKROOT = macosx;
				STRING_CATALOG_GENERATE_SYMBOLS = YES;
			};
			name = Release;
		};
		E3C682622F4F50FD00D17AA8 /* Debug */ = {
			isa = XCBuildConfiguration;
			buildSettings = {
				CODE_SIGN_STYLE = Automatic;
				DEAD_CODE_STRIPPING = YES;
				DEVELOPMENT_TEAM = YL782TY646;
				EXECUTABLE_PREFIX = lib;
				GCC_ENABLE_CPP_EXCEPTIONS = YES;
				GCC_ENABLE_CPP_RTTI = YES;
				PRODUCT_NAME = "$(TARGET_NAME)";
				SKIP_INSTALL = YES;
			};
			name = Debug;
		};
		E3C682632F4F50FD00D17AA8 /* Release */ = {
			isa = XCBuildConfiguration;
			buildSettings = {
				CODE_SIGN_STYLE = Automatic;
				DEAD_CODE_STRIPPING = YES;
				DEVELOPMENT_TEAM = YL782TY646;
				EXECUTABLE_PREFIX = lib;
				GCC_ENABLE_CPP_EXCEPTIONS = YES;
				GCC_ENABLE_CPP_RTTI = YES;
				PRODUCT_NAME = "$(TARGET_NAME)";
				SKIP_INSTALL = YES;
			};
			name = Release;
		};
/* End XCBuildConfiguration section */

/* Begin XCConfigurationList section */
		E33199392F59F10B00946DB5 /* Build configuration list for PBXNativeTarget "Tests" */ = {
			isa = XCConfigurationList;
			buildConfigurations = (
				E331993A2F59F10B00946DB5 /* Debug */,
				E331993B2F59F10B00946DB5 /* Release */,
			);
			defaultConfigurationIsVisible = 0;
			defaultConfigurationName = Release;
		};
		E37BBD012F4F679F00A73A75 /* Build configuration list for PBXNativeTarget "Prova" */ = {
			isa = XCConfigurationList;
			buildConfigurations = (
				E37BBD022F4F679F00A73A75 /* Debug */,
				E37BBD032F4F679F00A73A75 /* Release */,
			);
			defaultConfigurationIsVisible = 0;
			defaultConfigurationName = Release;
		};
		E3849AEF2F5B233A00772634 /* Build configuration list for PBXNativeTarget "MultipleTests" */ = {
			isa = XCConfigurationList;
			buildConfigurations = (
				E3849AF02F5B233A00772634 /* Debug */,
				E3849AF12F5B233A00772634 /* Release */,
			);
			defaultConfigurationIsVisible = 0;
			defaultConfigurationName = Release;
		};
		E3849AFC2F5B403400772634 /* Build configuration list for PBXNativeTarget "VisualStressTest" */ = {
			isa = XCConfigurationList;
			buildConfigurations = (
				E3849AFD2F5B403400772634 /* Debug */,
				E3849AFE2F5B403400772634 /* Release */,
			);
			defaultConfigurationIsVisible = 0;
			defaultConfigurationName = Release;
		};
		E3C682512F4F50FD00D17AA8 /* Build configuration list for PBXProject "ALib" */ = {
			isa = XCConfigurationList;
			buildConfigurations = (
				E3C6825F2F4F50FD00D17AA8 /* Debug */,
				E3C682602F4F50FD00D17AA8 /* Release */,
			);
			defaultConfigurationIsVisible = 0;
			defaultConfigurationName = Release;
		};
		E3C682612F4F50FD00D17AA8 /* Build configuration list for PBXNativeTarget "ALib" */ = {
			isa = XCConfigurationList;
			buildConfigurations = (
				E3C682622F4F50FD00D17AA8 /* Debug */,
				E3C682632F4F50FD00D17AA8 /* Release */,
			);
			defaultConfigurationIsVisible = 0;
			defaultConfigurationName = Release;
		};
/* End XCConfigurationList section */
	};
	rootObject = E3C6824E2F4F50FD00D17AA8 /* Project object */;
}
